
Microsoft Visual Studio Solution File, Format Version 12.00
# Visual Studio Version 17
VisualStudioVersion = 17.14.36202.13 d17.14
MinimumVisualStudioVersion = 10.0.40219.1
Project("{9A19103F-16F7-4668-BE54-9A1E7A4F7556}") = "RecentFollowers", "RecentFollowers.csproj", "{AFFDAD61-FF8F-4134-99CD-2D9CB0C3FDC5}"
EndProject
Global
	GlobalSection(SolutionConfigurationPlatforms) = preSolution
		Debug|Any CPU = Debug|Any CPU
		Debug|x64 = Debug|x64
		Release|Any CPU = Release|Any CPU
		Release|x64 = Release|x64
	EndGlobalSection
	GlobalSection(ProjectConfigurationPlatforms) = postSolution
		{AFFDAD61-FF8F-4134-99CD-2D9CB0C3FDC5}.Debug|Any CPU.ActiveCfg = Debug|Any CPU
		{AFFDAD61-FF8F-4134-99CD-2D9CB0C3FDC5}.Debug|Any CPU.Build.0 = Debug|Any CPU
		{AFFDAD61-FF8F-4134-99CD-2D9CB0C3FDC5}.Debug|x64.ActiveCfg = Debug|x64
		{AFFDAD61-FF8F-4134-99CD-2D9CB0C3FDC5}.Debug|x64.Build.0 = Debug|x64
		{AFFDAD61-FF8F-4134-99CD-2D9CB0C3FDC5}.Release|Any CPU.ActiveCfg = Release|Any CPU
		{AFFDAD61-FF8F-4134-99CD-2D9CB0C3FDC5}.Release|Any CPU.Build.0 = Release|Any CPU
		{AFFDAD61-FF8F-4134-99CD-2D9CB0C3FDC5}.Release|x64.ActiveCfg = Release|x64
		{AFFDAD61-FF8F-4134-99CD-2D9CB0C3FDC5}.Release|x64.Build.0 = Release|x64
	EndGlobalSection
	GlobalSection(SolutionProperties) = preSolution
		HideSolutionNode = FALSE
	EndGlobalSection
	GlobalSection(ExtensibilityGlobals) = postSolution
		SolutionGuid = {EB17167F-33A1-4E23-98AB-AB32170FF2C7}
	EndGlobalSection
EndGlobal
